
Microsoft Visual Studio Solution File, Format Version 12.00
# Visual Studio Version 17
VisualStudioVersion = 17.10.35122.118
MinimumVisualStudioVersion = 10.0.40219.1
Project("{FAE04EC0-301F-11D3-BF4B-00C04F79EFBC}") = "CSC205Week05P2", "CSC205Week05P2.csproj", "{27EEAC85-A402-4673-BC88-59488F4D03D6}"
EndProject
Global
	GlobalSection(SolutionConfigurationPlatforms) = preSolution
		Debug|Any CPU = Debug|Any CPU
		Release|Any CPU = Release|Any CPU
	EndGlobalSection
	GlobalSection(ProjectConfigurationPlatforms) = postSolution
		{27EEAC85-A402-4673-BC88-59488F4D03D6}.Debug|Any CPU.ActiveCfg = Debug|Any CPU
		{27EEAC85-A402-4673-BC88-59488F4D03D6}.Debug|Any CPU.Build.0 = Debug|Any CPU
		{27EEAC85-A402-4673-BC88-59488F4D03D6}.Release|Any CPU.ActiveCfg = Release|Any CPU
		{27EEAC85-A402-4673-BC88-59488F4D03D6}.Release|Any CPU.Build.0 = Release|Any CPU
	EndGlobalSection
	GlobalSection(SolutionProperties) = preSolution
		HideSolutionNode = FALSE
	EndGlobalSection
	GlobalSection(ExtensibilityGlobals) = postSolution
		SolutionGuid = {063ED2BB-0181-43BE-9918-65DFAC9696D2}
	EndGlobalSection
EndGlobal
